
Microsoft Visual Studio Solution File, Format Version 12.00
# Visual Studio Version 17
VisualStudioVersion = 17.1.32228.430
MinimumVisualStudioVersion = 10.0.40219.1
Project("{888888A0-9F3D-457C-B088-3A5042F75D52}") = "PythonEKT", "PythonEKT\PythonEKT.pyproj", "{ABDFB5D4-7B4F-4993-9D63-F268E18216C7}"
EndProject
Project("{8BC9CEB8-8B4A-11D0-8D11-00A0C91BC942}") = "CppHooks", "CppHook\CppHook.vcxproj", "{767A65F1-CAF5-4DD4-832D-E194E0AA0EB6}"
EndProject
Project("{8BC9CEB8-8B4A-11D0-8D11-00A0C91BC942}") = "CppWindowTool", "CppWindowTool\CppWindowTool.vcxproj", "{10B1227E-F653-43C7-A1BA-CC5894BAA323}"
EndProject
Project("{8BC9CEB8-8B4A-11D0-8D11-00A0C91BC942}") = "CppWindowTool-pre2", "CppWindowTool-pre2\CppWindowTool-pre2.vcxproj", "{2997665E-1102-4F56-9DF5-50140D4C7197}"
EndProject
Project("{8BC9CEB8-8B4A-11D0-8D11-00A0C91BC942}") = "WindowsProject1", "WindowsProject1\WindowsProject1.vcxproj", "{35B50DA6-CCE3-4E6A-96CA-157A50294037}"
EndProject
Project("{8BC9CEB8-8B4A-11D0-8D11-00A0C91BC942}") = "EmsiaetKadoshDesktopTool-pre3", "EmsiaetKadoshDesktopTool-pre3\EmsiaetKadoshDesktopTool-pre3.vcxproj", "{3BB55AFB-3D67-486C-976E-FBCE1D6C73A3}"
EndProject
Project("{8BC9CEB8-8B4A-11D0-8D11-00A0C91BC942}") = "HookDll", "HookDll\HookDll.vcxproj", "{889ED715-D464-4947-9D4B-1CC7137E6F4D}"
EndProject
Global
	GlobalSection(SolutionConfigurationPlatforms) = preSolution
		Debug|Any CPU = Debug|Any CPU
		Debug|x64 = Debug|x64
		Debug|x86 = Debug|x86
		Release|Any CPU = Release|Any CPU
		Release|x64 = Release|x64
		Release|x86 = Release|x86
	EndGlobalSection
	GlobalSection(ProjectConfigurationPlatforms) = postSolution
		{ABDFB5D4-7B4F-4993-9D63-F268E18216C7}.Debug|Any CPU.ActiveCfg = Debug|Any CPU
		{ABDFB5D4-7B4F-4993-9D63-F268E18216C7}.Debug|x64.ActiveCfg = Debug|Any CPU
		{ABDFB5D4-7B4F-4993-9D63-F268E18216C7}.Debug|x86.ActiveCfg = Debug|Any CPU
		{ABDFB5D4-7B4F-4993-9D63-F268E18216C7}.Release|Any CPU.ActiveCfg = Release|Any CPU
		{ABDFB5D4-7B4F-4993-9D63-F268E18216C7}.Release|x64.ActiveCfg = Release|Any CPU
		{ABDFB5D4-7B4F-4993-9D63-F268E18216C7}.Release|x86.ActiveCfg = Release|Any CPU
		{767A65F1-CAF5-4DD4-832D-E194E0AA0EB6}.Debug|Any CPU.ActiveCfg = Debug|x64
		{767A65F1-CAF5-4DD4-832D-E194E0AA0EB6}.Debug|Any CPU.Build.0 = Debug|x64
		{767A65F1-CAF5-4DD4-832D-E194E0AA0EB6}.Debug|x64.ActiveCfg = Debug|x64
		{767A65F1-CAF5-4DD4-832D-E194E0AA0EB6}.Debug|x64.Build.0 = Debug|x64
		{767A65F1-CAF5-4DD4-832D-E194E0AA0EB6}.Debug|x86.ActiveCfg = Debug|Win32
		{767A65F1-CAF5-4DD4-832D-E194E0AA0EB6}.Debug|x86.Build.0 = Debug|Win32
		{767A65F1-CAF5-4DD4-832D-E194E0AA0EB6}.Release|Any CPU.ActiveCfg = Release|x64
		{767A65F1-CAF5-4DD4-832D-E194E0AA0EB6}.Release|Any CPU.Build.0 = Release|x64
		{767A65F1-CAF5-4DD4-832D-E194E0AA0EB6}.Release|x64.ActiveCfg = Release|x64
		{767A65F1-CAF5-4DD4-832D-E194E0AA0EB6}.Release|x64.Build.0 = Release|x64
		{767A65F1-CAF5-4DD4-832D-E194E0AA0EB6}.Release|x86.ActiveCfg = Release|Win32
		{767A65F1-CAF5-4DD4-832D-E194E0AA0EB6}.Release|x86.Build.0 = Release|Win32
		{10B1227E-F653-43C7-A1BA-CC5894BAA323}.Debug|Any CPU.ActiveCfg = Debug|x64
		{10B1227E-F653-43C7-A1BA-CC5894BAA323}.Debug|Any CPU.Build.0 = Debug|x64
		{10B1227E-F653-43C7-A1BA-CC5894BAA323}.Debug|x64.ActiveCfg = Debug|x64
		{10B1227E-F653-43C7-A1BA-CC5894BAA323}.Debug|x64.Build.0 = Debug|x64
		{10B1227E-F653-43C7-A1BA-CC5894BAA323}.Debug|x86.ActiveCfg = Debug|Win32
		{10B1227E-F653-43C7-A1BA-CC5894BAA323}.Debug|x86.Build.0 = Debug|Win32
		{10B1227E-F653-43C7-A1BA-CC5894BAA323}.Release|Any CPU.ActiveCfg = Release|x64
		{10B1227E-F653-43C7-A1BA-CC5894BAA323}.Release|Any CPU.Build.0 = Release|x64
		{10B1227E-F653-43C7-A1BA-CC5894BAA323}.Release|x64.ActiveCfg = Release|x64
		{10B1227E-F653-43C7-A1BA-CC5894BAA323}.Release|x64.Build.0 = Release|x64
		{10B1227E-F653-43C7-A1BA-CC5894BAA323}.Release|x86.ActiveCfg = Release|Win32
		{10B1227E-F653-43C7-A1BA-CC5894BAA323}.Release|x86.Build.0 = Release|Win32
		{2997665E-1102-4F56-9DF5-50140D4C7197}.Debug|Any CPU.ActiveCfg = Debug|x64
		{2997665E-1102-4F56-9DF5-50140D4C7197}.Debug|Any CPU.Build.0 = Debug|x64
		{2997665E-1102-4F56-9DF5-50140D4C7197}.Debug|x64.ActiveCfg = Debug|x64
		{2997665E-1102-4F56-9DF5-50140D4C7197}.Debug|x64.Build.0 = Debug|x64
		{2997665E-1102-4F56-9DF5-50140D4C7197}.Debug|x86.ActiveCfg = Debug|Win32
		{2997665E-1102-4F56-9DF5-50140D4C7197}.Debug|x86.Build.0 = Debug|Win32
		{2997665E-1102-4F56-9DF5-50140D4C7197}.Release|Any CPU.ActiveCfg = Release|x64
		{2997665E-1102-4F56-9DF5-50140D4C7197}.Release|Any CPU.Build.0 = Release|x64
		{2997665E-1102-4F56-9DF5-50140D4C7197}.Release|x64.ActiveCfg = Release|x64
		{2997665E-1102-4F56-9DF5-50140D4C7197}.Release|x64.Build.0 = Release|x64
		{2997665E-1102-4F56-9DF5-50140D4C7197}.Release|x86.ActiveCfg = Release|Win32
		{2997665E-1102-4F56-9DF5-50140D4C7197}.Release|x86.Build.0 = Release|Win32
		{35B50DA6-CCE3-4E6A-96CA-157A50294037}.Debug|Any CPU.ActiveCfg = Debug|x64
		{35B50DA6-CCE3-4E6A-96CA-157A50294037}.Debug|Any CPU.Build.0 = Debug|x64
		{35B50DA6-CCE3-4E6A-96CA-157A50294037}.Debug|x64.ActiveCfg = Debug|x64
		{35B50DA6-CCE3-4E6A-96CA-157A50294037}.Debug|x64.Build.0 = Debug|x64
		{35B50DA6-CCE3-4E6A-96CA-157A50294037}.Debug|x86.ActiveCfg = Debug|Win32
		{35B50DA6-CCE3-4E6A-96CA-157A50294037}.Debug|x86.Build.0 = Debug|Win32
		{35B50DA6-CCE3-4E6A-96CA-157A50294037}.Release|Any CPU.ActiveCfg = Release|x64
		{35B50DA6-CCE3-4E6A-96CA-157A50294037}.Release|Any CPU.Build.0 = Release|x64
		{35B50DA6-CCE3-4E6A-96CA-157A50294037}.Release|x64.ActiveCfg = Release|x64
		{35B50DA6-CCE3-4E6A-96CA-157A50294037}.Release|x64.Build.0 = Release|x64
		{35B50DA6-CCE3-4E6A-96CA-157A50294037}.Release|x86.ActiveCfg = Release|Win32
		{35B50DA6-CCE3-4E6A-96CA-157A50294037}.Release|x86.Build.0 = Release|Win32
		{3BB55AFB-3D67-486C-976E-FBCE1D6C73A3}.Debug|Any CPU.ActiveCfg = Debug|x64
		{3BB55AFB-3D67-486C-976E-FBCE1D6C73A3}.Debug|Any CPU.Build.0 = Debug|x64
		{3BB55AFB-3D67-486C-976E-FBCE1D6C73A3}.Debug|x64.ActiveCfg = Debug|x64
		{3BB55AFB-3D67-486C-976E-FBCE1D6C73A3}.Debug|x64.Build.0 = Debug|x64
		{3BB55AFB-3D67-486C-976E-FBCE1D6C73A3}.Debug|x86.ActiveCfg = Debug|Win32
		{3BB55AFB-3D67-486C-976E-FBCE1D6C73A3}.Debug|x86.Build.0 = Debug|Win32
		{3BB55AFB-3D67-486C-976E-FBCE1D6C73A3}.Release|Any CPU.ActiveCfg = Release|x64
		{3BB55AFB-3D67-486C-976E-FBCE1D6C73A3}.Release|Any CPU.Build.0 = Release|x64
		{3BB55AFB-3D67-486C-976E-FBCE1D6C73A3}.Release|x64.ActiveCfg = Release|x64
		{3BB55AFB-3D67-486C-976E-FBCE1D6C73A3}.Release|x64.Build.0 = Release|x64
		{3BB55AFB-3D67-486C-976E-FBCE1D6C73A3}.Release|x86.ActiveCfg = Release|Win32
		{3BB55AFB-3D67-486C-976E-FBCE1D6C73A3}.Release|x86.Build.0 = Release|Win32
		{889ED715-D464-4947-9D4B-1CC7137E6F4D}.Debug|Any CPU.ActiveCfg = Debug|x64
		{889ED715-D464-4947-9D4B-1CC7137E6F4D}.Debug|Any CPU.Build.0 = Debug|x64
		{889ED715-D464-4947-9D4B-1CC7137E6F4D}.Debug|x64.ActiveCfg = Debug|x64
		{889ED715-D464-4947-9D4B-1CC7137E6F4D}.Debug|x64.Build.0 = Debug|x64
		{889ED715-D464-4947-9D4B-1CC7137E6F4D}.Debug|x86.ActiveCfg = Debug|Win32
		{889ED715-D464-4947-9D4B-1CC7137E6F4D}.Debug|x86.Build.0 = Debug|Win32
		{889ED715-D464-4947-9D4B-1CC7137E6F4D}.Release|Any CPU.ActiveCfg = Release|x64
		{889ED715-D464-4947-9D4B-1CC7137E6F4D}.Release|Any CPU.Build.0 = Release|x64
		{889ED715-D464-4947-9D4B-1CC7137E6F4D}.Release|x64.ActiveCfg = Release|x64
		{889ED715-D464-4947-9D4B-1CC7137E6F4D}.Release|x64.Build.0 = Release|x64
		{889ED715-D464-4947-9D4B-1CC7137E6F4D}.Release|x86.ActiveCfg = Release|Win32
		{889ED715-D464-4947-9D4B-1CC7137E6F4D}.Release|x86.Build.0 = Release|Win32
	EndGlobalSection
	GlobalSection(SolutionProperties) = preSolution
		HideSolutionNode = FALSE
	EndGlobalSection
	GlobalSection(ExtensibilityGlobals) = postSolution
		SolutionGuid = {46AF54EE-0088-4C8D-B2DD-3C311F9E2A76}
	EndGlobalSection
EndGlobal
